// !$*UTF8*$!
{
	archiveVersion = 1;
	classes = {
	};
	objectVersion = 55;
	objects = {

/* Begin PBXBuildFile section */
		583CD48C27A55F7500719A72 /* CombineNavigationView.swift in Sources */ = {isa = PBXBuildFile; fileRef = 583CD48B27A55F7500719A72 /* CombineNavigationView.swift */; };
		583CD48F27A5630B00719A72 /* String.swift in Sources */ = {isa = PBXBuildFile; fileRef = 583CD48E27A5630B00719A72 /* String.swift */; };
		583CD49227A56B2700719A72 /* CombineClasses.swift in Sources */ = {isa = PBXBuildFile; fileRef = 583CD49127A56B2700719A72 /* CombineClasses.swift */; };
		5847543627A55ABD00BFEC0D /* Combine_APPApp.swift in Sources */ = {isa = PBXBuildFile; fileRef = 5847543527A55ABD00BFEC0D /* Combine_APPApp.swift */; };
		5847543827A55ABD00BFEC0D /* CombineView.swift in Sources */ = {isa = PBXBuildFile; fileRef = 5847543727A55ABD00BFEC0D /* CombineView.swift */; };
		5847543A27A55ABE00BFEC0D /* Assets.xcassets in Resources */ = {isa = PBXBuildFile; fileRef = 5847543927A55ABE00BFEC0D /* Assets.xcassets */; };
		5847543D27A55ABE00BFEC0D /* Preview Assets.xcassets in Resources */ = {isa = PBXBuildFile; fileRef = 5847543C27A55ABE00BFEC0D /* Preview Assets.xcassets */; };
		58CFDDF627A5BD8A002BDED9 /* Notification.swift in Sources */ = {isa = PBXBuildFile; fileRef = 58CFDDF527A5BD8A002BDED9 /* Notification.swift */; };
/* End PBXBuildFile section */

/* Begin PBXFileReference section */
		583CD48B27A55F7500719A72 /* CombineNavigationView.swift */ = {isa = PBXFileReference; lastKnownFileType = sourcecode.swift; path = CombineNavigationView.swift; sourceTree = "<group>"; };
		583CD48E27A5630B00719A72 /* String.swift */ = {isa = PBXFileReference; lastKnownFileType = sourcecode.swift; path = String.swift; sourceTree = "<group>"; };
		583CD49127A56B2700719A72 /* CombineClasses.swift */ = {isa = PBXFileReference; lastKnownFileType = sourcecode.swift; path = CombineClasses.swift; sourceTree = "<group>"; };
		5847543227A55ABD00BFEC0D /* Combine-APP.app */ = {isa = PBXFileReference; explicitFileType = wrapper.application; includeInIndex = 0; path = "Combine-APP.app"; sourceTree = BUILT_PRODUCTS_DIR; };
		5847543527A55ABD00BFEC0D /* Combine_APPApp.swift */ = {isa = PBXFileReference; lastKnownFileType = sourcecode.swift; path = Combine_APPApp.swift; sourceTree = "<group>"; };
		5847543727A55ABD00BFEC0D /* CombineView.swift */ = {isa = PBXFileReference; lastKnownFileType = sourcecode.swift; path = CombineView.swift; sourceTree = "<group>"; };
		5847543927A55ABE00BFEC0D /* Assets.xcassets */ = {isa = PBXFileReference; lastKnownFileType = folder.assetcatalog; path = Assets.xcassets; sourceTree = "<group>"; };
		5847543C27A55ABE00BFEC0D /* Preview Assets.xcassets */ = {isa = PBXFileReference; lastKnownFileType = folder.assetcatalog; path = "Preview Assets.xcassets"; sourceTree = "<group>"; };
		58CFDDF527A5BD8A002BDED9 /* Notification.swift */ = {isa = PBXFileReference; lastKnownFileType = sourcecode.swift; path = Notification.swift; sourceTree = "<group>"; };
/* End PBXFileReference section */

/* Begin PBXFrameworksBuildPhase section */
		5847542F27A55ABD00BFEC0D /* Frameworks */ = {
			isa = PBXFrameworksBuildPhase;
			buildActionMask = 2147483647;
			files = (
			);
			runOnlyForDeploymentPostprocessing = 0;
		};
/* End PBXFrameworksBuildPhase section */

/* Begin PBXGroup section */
		583CD48D27A562FC00719A72 /* Extensions */ = {
			isa = PBXGroup;
			children = (
				583CD48E27A5630B00719A72 /* String.swift */,
				58CFDDF527A5BD8A002BDED9 /* Notification.swift */,
			);
			path = Extensions;
			sourceTree = "<group>";
		};
		583CD49027A56B1100719A72 /* Combine */ = {
			isa = PBXGroup;
			children = (
				583CD49127A56B2700719A72 /* CombineClasses.swift */,
			);
			path = Combine;
			sourceTree = "<group>";
		};
		5847542927A55ABD00BFEC0D = {
			isa = PBXGroup;
			children = (
				5847543427A55ABD00BFEC0D /* Combine-APP */,
				5847543327A55ABD00BFEC0D /* Products */,
			);
			sourceTree = "<group>";
		};
		5847543327A55ABD00BFEC0D /* Products */ = {
			isa = PBXGroup;
			children = (
				5847543227A55ABD00BFEC0D /* Combine-APP.app */,
			);
			name = Products;
			sourceTree = "<group>";
		};
		5847543427A55ABD00BFEC0D /* Combine-APP */ = {
			isa = PBXGroup;
			children = (
				5847543527A55ABD00BFEC0D /* Combine_APPApp.swift */,
				583CD48B27A55F7500719A72 /* CombineNavigationView.swift */,
				5847543727A55ABD00BFEC0D /* CombineView.swift */,
				5847543927A55ABE00BFEC0D /* Assets.xcassets */,
				583CD49027A56B1100719A72 /* Combine */,
				583CD48D27A562FC00719A72 /* Extensions */,
				5847543B27A55ABE00BFEC0D /* Preview Content */,
			);
			path = "Combine-APP";
			sourceTree = "<group>";
		};
		5847543B27A55ABE00BFEC0D /* Preview Content */ = {
			isa = PBXGroup;
			children = (
				5847543C27A55ABE00BFEC0D /* Preview Assets.xcassets */,
			);
			path = "Preview Content";
			sourceTree = "<group>";
		};
/* End PBXGroup section */

/* Begin PBXNativeTarget section */
		5847543127A55ABD00BFEC0D /* Combine-APP */ = {
			isa = PBXNativeTarget;
			buildConfigurationList = 5847544027A55ABE00BFEC0D /* Build configuration list for PBXNativeTarget "Combine-APP" */;
			buildPhases = (
				5847542E27A55ABD00BFEC0D /* Sources */,
				5847542F27A55ABD00BFEC0D /* Frameworks */,
				5847543027A55ABD00BFEC0D /* Resources */,
			);
			buildRules = (
			);
			dependencies = (
			);
			name = "Combine-APP";
			productName = "Combine-APP";
			productReference = 5847543227A55ABD00BFEC0D /* Combine-APP.app */;
			productType = "com.apple.product-type.application";
		};
/* End PBXNativeTarget section */

/* Begin PBXProject section */
		5847542A27A55ABD00BFEC0D /* Project object */ = {
			isa = PBXProject;
			attributes = {
				BuildIndependentTargetsInParallel = 1;
				LastSwiftUpdateCheck = 1320;
				LastUpgradeCheck = 1320;
				TargetAttributes = {
					5847543127A55ABD00BFEC0D = {
						CreatedOnToolsVersion = 13.2.1;
					};
				};
			};
			buildConfigurationList = 5847542D27A55ABD00BFEC0D /* Build configuration list for PBXProject "Combine-APP" */;
			compatibilityVersion = "Xcode 13.0";
			developmentRegion = en;
			hasScannedForEncodings = 0;
			knownRegions = (
				en,
				Base,
			);
			mainGroup = 5847542927A55ABD00BFEC0D;
			productRefGroup = 5847543327A55ABD00BFEC0D /* Products */;
			projectDirPath = "";
			projectRoot = "";
			targets = (
				5847543127A55ABD00BFEC0D /* Combine-APP */,
			);
		};
/* End PBXProject section */

/* Begin PBXResourcesBuildPhase section */
		5847543027A55ABD00BFEC0D /* Resources */ = {
			isa = PBXResourcesBuildPhase;
			buildActionMask = 2147483647;
			files = (
				5847543D27A55ABE00BFEC0D /* Preview Assets.xcassets in Resources */,
				5847543A27A55ABE00BFEC0D /* Assets.xcassets in Resources */,
			);
			runOnlyForDeploymentPostprocessing = 0;
		};
/* End PBXResourcesBuildPhase section */

/* Begin PBXSourcesBuildPhase section */
		5847542E27A55ABD00BFEC0D /* Sources */ = {
			isa = PBXSourcesBuildPhase;
			buildActionMask = 2147483647;
			files = (
				5847543827A55ABD00BFEC0D /* CombineView.swift in Sources */,
				583CD48C27A55F7500719A72 /* CombineNavigationView.swift in Sources */,
				58CFDDF627A5BD8A002BDED9 /* Notification.swift in Sources */,
				583CD48F27A5630B00719A72 /* String.swift in Sources */,
				583CD49227A56B2700719A72 /* CombineClasses.swift in Sources */,
				5847543627A55ABD00BFEC0D /* Combine_APPApp.swift in Sources */,
			);
			runOnlyForDeploymentPostprocessing = 0;
		};
/* End PBXSourcesBuildPhase section */

/* Begin XCBuildConfiguration section */
		5847543E27A55ABE00BFEC0D /* Debug */ = {
			isa = XCBuildConfiguration;
			buildSettings = {
				ALWAYS_SEARCH_USER_PATHS = NO;
				CLANG_ANALYZER_NONNULL = YES;
				CLANG_ANALYZER_NUMBER_OBJECT_CONVERSION = YES_AGGRESSIVE;
				CLANG_CXX_LANGUAGE_STANDARD = "gnu++17";
				CLANG_CXX_LIBRARY = "libc++";
				CLANG_ENABLE_MODULES = YES;
				CLANG_ENABLE_OBJC_ARC = YES;
				CLANG_ENABLE_OBJC_WEAK = YES;
				CLANG_WARN_BLOCK_CAPTURE_AUTORELEASING = YES;
				CLANG_WARN_BOOL_CONVERSION = YES;
				CLANG_WARN_COMMA = YES;
				CLANG_WARN_CONSTANT_CONVERSION = YES;
				CLANG_WARN_DEPRECATED_OBJC_IMPLEMENTATIONS = YES;
				CLANG_WARN_DIRECT_OBJC_ISA_USAGE = YES_ERROR;
				CLANG_WARN_DOCUMENTATION_COMMENTS = YES;
				CLANG_WARN_EMPTY_BODY = YES;
				CLANG_WARN_ENUM_CONVERSION = YES;
				CLANG_WARN_INFINITE_RECURSION = YES;
				CLANG_WARN_INT_CONVERSION = YES;
				CLANG_WARN_NON_LITERAL_NULL_CONVERSION = YES;
				CLANG_WARN_OBJC_IMPLICIT_RETAIN_SELF = YES;
				CLANG_WARN_OBJC_LITERAL_CONVERSION = YES;
				CLANG_WARN_OBJC_ROOT_CLASS = YES_ERROR;
				CLANG_WARN_QUOTED_INCLUDE_IN_FRAMEWORK_HEADER = YES;
				CLANG_WARN_RANGE_LOOP_ANALYSIS = YES;
				CLANG_WARN_STRICT_PROTOTYPES = YES;
				CLANG_WARN_SUSPICIOUS_MOVE = YES;
				CLANG_WARN_UNGUARDED_AVAILABILITY = YES_AGGRESSIVE;
				CLANG_WARN_UNREACHABLE_CODE = YES;
				CLANG_WARN__DUPLICATE_METHOD_MATCH = YES;
				COPY_PHASE_STRIP = NO;
				DEBUG_INFORMATION_FORMAT = dwarf;
				ENABLE_STRICT_OBJC_MSGSEND = YES;
				ENABLE_TESTABILITY = YES;
				GCC_C_LANGUAGE_STANDARD = gnu11;
				GCC_DYNAMIC_NO_PIC = NO;
				GCC_NO_COMMON_BLOCKS = YES;
				GCC_OPTIMIZATION_LEVEL = 0;
				GCC_PREPROCESSOR_DEFINITIONS = (
					"DEBUG=1",
					"$(inherited)",
				);
				GCC_WARN_64_TO_32_BIT_CONVERSION = YES;
				GCC_WARN_ABOUT_RETURN_TYPE = YES_ERROR;
				GCC_WARN_UNDECLARED_SELECTOR = YES;
				GCC_WARN_UNINITIALIZED_AUTOS = YES_AGGRESSIVE;
				GCC_WARN_UNUSED_FUNCTION = YES;
				GCC_WARN_UNUSED_VARIABLE = YES;
				IPHONEOS_DEPLOYMENT_TARGET = 14.0;
				MTL_ENABLE_DEBUG_INFO = INCLUDE_SOURCE;
				MTL_FAST_MATH = YES;
				ONLY_ACTIVE_ARCH = YES;
				SDKROOT = iphoneos;
				SWIFT_ACTIVE_COMPILATION_CONDITIONS = DEBUG;
				SWIFT_OPTIMIZATION_LEVEL = "-Onone";
			};
			name = Debug;
		};
		5847543F27A55ABE00BFEC0D /* Release */ = {
			isa = XCBuildConfiguration;
			buildSettings = {
				ALWAYS_SEARCH_USER_PATHS = NO;
				CLANG_ANALYZER_NONNULL = YES;
				CLANG_ANALYZER_NUMBER_OBJECT_CONVERSION = YES_AGGRESSIVE;
				CLANG_CXX_LANGUAGE_STANDARD = "gnu++17";
				CLANG_CXX_LIBRARY = "libc++";
				CLANG_ENABLE_MODULES = YES;
				CLANG_ENABLE_OBJC_ARC = YES;
				CLANG_ENABLE_OBJC_WEAK = YES;
				CLANG_WARN_BLOCK_CAPTURE_AUTORELEASING = YES;
				CLANG_WARN_BOOL_CONVERSION = YES;
				CLANG_WARN_COMMA = YES;
				CLANG_WARN_CONSTANT_CONVERSION = YES;
				CLANG_WARN_DEPRECATED_OBJC_IMPLEMENTATIONS = YES;
				CLANG_WARN_DIRECT_OBJC_ISA_USAGE = YES_ERROR;
				CLANG_WARN_DOCUMENTATION_COMMENTS = YES;
				CLANG_WARN_EMPTY_BODY = YES;
				CLANG_WARN_ENUM_CONVERSION = YES;
				CLANG_WARN_INFINITE_RECURSION = YES;
				CLANG_WARN_INT_CONVERSION = YES;
				CLANG_WARN_NON_LITERAL_NULL_CONVERSION = YES;
				CLANG_WARN_OBJC_IMPLICIT_RETAIN_SELF = YES;
				CLANG_WARN_OBJC_LITERAL_CONVERSION = YES;
				CLANG_WARN_OBJC_ROOT_CLASS = YES_ERROR;
				CLANG_WARN_QUOTED_INCLUDE_IN_FRAMEWORK_HEADER = YES;
				CLANG_WARN_RANGE_LOOP_ANALYSIS = YES;
				CLANG_WARN_STRICT_PROTOTYPES = YES;
				CLANG_WARN_SUSPICIOUS_MOVE = YES;
				CLANG_WARN_UNGUARDED_AVAILABILITY = YES_AGGRESSIVE;
				CLANG_WARN_UNREACHABLE_CODE = YES;
				CLANG_WARN__DUPLICATE_METHOD_MATCH = YES;
				COPY_PHASE_STRIP = NO;
				DEBUG_INFORMATION_FORMAT = "dwarf-with-dsym";
				ENABLE_NS_ASSERTIONS = NO;
				ENABLE_STRICT_OBJC_MSGSEND = YES;
				GCC_C_LANGUAGE_STANDARD = gnu11;
				GCC_NO_COMMON_BLOCKS = YES;
				GCC_WARN_64_TO_32_BIT_CONVERSION = YES;
				GCC_WARN_ABOUT_RETURN_TYPE = YES_ERROR;
				GCC_WARN_UNDECLARED_SELECTOR = YES;
				GCC_WARN_UNINITIALIZED_AUTOS = YES_AGGRESSIVE;
				GCC_WARN_UNUSED_FUNCTION = YES;
				GCC_WARN_UNUSED_VARIABLE = YES;
				IPHONEOS_DEPLOYMENT_TARGET = 14.0;
				MTL_ENABLE_DEBUG_INFO = NO;
				MTL_FAST_MATH = YES;
				SDKROOT = iphoneos;
				SWIFT_COMPILATION_MODE = wholemodule;
				SWIFT_OPTIMIZATION_LEVEL = "-O";
				VALIDATE_PRODUCT = YES;
			};
			name = Release;
		};
		5847544127A55ABE00BFEC0D /* Debug */ = {
			isa = XCBuildConfiguration;
			buildSettings = {
				ASSETCATALOG_COMPILER_APPICON_NAME = AppIcon;
				ASSETCATALOG_COMPILER_GLOBAL_ACCENT_COLOR_NAME = AccentColor;
				CODE_SIGN_STYLE = Automatic;
				CURRENT_PROJECT_VERSION = 1;
				DEVELOPMENT_ASSET_PATHS = "\"Combine-APP/Preview Content\"";
				DEVELOPMENT_TEAM = "";
				ENABLE_PREVIEWS = YES;
				GENERATE_INFOPLIST_FILE = YES;
				INFOPLIST_KEY_UIApplicationSceneManifest_Generation = YES;
				INFOPLIST_KEY_UIApplicationSupportsIndirectInputEvents = YES;
				INFOPLIST_KEY_UILaunchScreen_Generation = YES;
				INFOPLIST_KEY_UISupportedInterfaceOrientations_iPad = "UIInterfaceOrientationPortrait UIInterfaceOrientationPortraitUpsideDown UIInterfaceOrientationLandscapeLeft UIInterfaceOrientationLandscapeRight";
				INFOPLIST_KEY_UISupportedInterfaceOrientations_iPhone = "UIInterfaceOrientationPortrait UIInterfaceOrientationLandscapeLeft UIInterfaceOrientationLandscapeRight";
				LD_RUNPATH_SEARCH_PATHS = (
					"$(inherited)",
					"@executable_path/Frameworks",
				);
				MARKETING_VERSION = 1.0;
				PRODUCT_BUNDLE_IDENTIFIER = "com.igorlab.Combine-APP";
				PRODUCT_NAME = "$(TARGET_NAME)";
				SWIFT_EMIT_LOC_STRINGS = YES;
				SWIFT_VERSION = 5.0;
				TARGETED_DEVICE_FAMILY = "1,2";
			};
			name = Debug;
		};
		5847544227A55ABE00BFEC0D /* Release */ = {
			isa = XCBuildConfiguration;
			buildSettings = {
				ASSETCATALOG_COMPILER_APPICON_NAME = AppIcon;
				ASSETCATALOG_COMPILER_GLOBAL_ACCENT_COLOR_NAME = AccentColor;
				CODE_SIGN_STYLE = Automatic;
				CURRENT_PROJECT_VERSION = 1;
				DEVELOPMENT_ASSET_PATHS = "\"Combine-APP/Preview Content\"";
				DEVELOPMENT_TEAM = "";
				ENABLE_PREVIEWS = YES;
				GENERATE_INFOPLIST_FILE = YES;
				INFOPLIST_KEY_UIApplicationSceneManifest_Generation = YES;
				INFOPLIST_KEY_UIApplicationSupportsIndirectInputEvents = YES;
				INFOPLIST_KEY_UILaunchScreen_Generation = YES;
				INFOPLIST_KEY_UISupportedInterfaceOrientations_iPad = "UIInterfaceOrientationPortrait UIInterfaceOrientationPortraitUpsideDown UIInterfaceOrientationLandscapeLeft UIInterfaceOrientationLandscapeRight";
				INFOPLIST_KEY_UISupportedInterfaceOrientations_iPhone = "UIInterfaceOrientationPortrait UIInterfaceOrientationLandscapeLeft UIInterfaceOrientationLandscapeRight";
				LD_RUNPATH_SEARCH_PATHS = (
					"$(inherited)",
					"@executable_path/Frameworks",
				);
				MARKETING_VERSION = 1.0;
				PRODUCT_BUNDLE_IDENTIFIER = "com.igorlab.Combine-APP";
				PRODUCT_NAME = "$(TARGET_NAME)";
				SWIFT_EMIT_LOC_STRINGS = YES;
				SWIFT_VERSION = 5.0;
				TARGETED_DEVICE_FAMILY = "1,2";
			};
			name = Release;
		};
/* End XCBuildConfiguration section */

/* Begin XCConfigurationList section */
		5847542D27A55ABD00BFEC0D /* Build configuration list for PBXProject "Combine-APP" */ = {
			isa = XCConfigurationList;
			buildConfigurations = (
				5847543E27A55ABE00BFEC0D /* Debug */,
				5847543F27A55ABE00BFEC0D /* Release */,
			);
			defaultConfigurationIsVisible = 0;
			defaultConfigurationName = Release;
		};
		5847544027A55ABE00BFEC0D /* Build configuration list for PBXNativeTarget "Combine-APP" */ = {
			isa = XCConfigurationList;
			buildConfigurations = (
				5847544127A55ABE00BFEC0D /* Debug */,
				5847544227A55ABE00BFEC0D /* Release */,
			);
			defaultConfigurationIsVisible = 0;
			defaultConfigurationName = Release;
		};
/* End XCConfigurationList section */
	};
	rootObject = 5847542A27A55ABD00BFEC0D /* Project object */;
}
