// !$*UTF8*$!
{
	archiveVersion = 1;
	classes = {
	};
	objectVersion = 55;
	objects = {

/* Begin PBXBuildFile section */
		581158B027BCE1D3008A7C9A /* ApiService.swift in Sources */ = {isa = PBXBuildFile; fileRef = 581158AF27BCE1D3008A7C9A /* ApiService.swift */; };
		581158B927BCE1E8008A7C9A /* NetworkError.swift in Sources */ = {isa = PBXBuildFile; fileRef = 581158B327BCE1E7008A7C9A /* NetworkError.swift */; };
		581158BC27BCE1E8008A7C9A /* Method.swift in Sources */ = {isa = PBXBuildFile; fileRef = 581158B627BCE1E8008A7C9A /* Method.swift */; };
		581158C227BCE3DA008A7C9A /* Planet.swift in Sources */ = {isa = PBXBuildFile; fileRef = 581158BF27BCE3DA008A7C9A /* Planet.swift */; };
		581158C327BCE3DA008A7C9A /* Starship.swift in Sources */ = {isa = PBXBuildFile; fileRef = 581158C027BCE3DA008A7C9A /* Starship.swift */; };
		581158C427BCE3DA008A7C9A /* People.swift in Sources */ = {isa = PBXBuildFile; fileRef = 581158C127BCE3DA008A7C9A /* People.swift */; };
		581158C627BCE426008A7C9A /* Lesson4View.swift in Sources */ = {isa = PBXBuildFile; fileRef = 581158C527BCE426008A7C9A /* Lesson4View.swift */; };
		581158C927BD2F1C008A7C9A /* ViewModel.swift in Sources */ = {isa = PBXBuildFile; fileRef = 581158C827BD2F1C008A7C9A /* ViewModel.swift */; };
		5833CC8B27AAC31C00D57D1D /* TestSwiftUI.swift in Sources */ = {isa = PBXBuildFile; fileRef = 5833CC8A27AAC31C00D57D1D /* TestSwiftUI.swift */; };
		583CD48C27A55F7500719A72 /* CombineNavigationView.swift in Sources */ = {isa = PBXBuildFile; fileRef = 583CD48B27A55F7500719A72 /* CombineNavigationView.swift */; };
		583CD48F27A5630B00719A72 /* String.swift in Sources */ = {isa = PBXBuildFile; fileRef = 583CD48E27A5630B00719A72 /* String.swift */; };
		5847543627A55ABD00BFEC0D /* Combine_APPApp.swift in Sources */ = {isa = PBXBuildFile; fileRef = 5847543527A55ABD00BFEC0D /* Combine_APPApp.swift */; };
		5847543827A55ABD00BFEC0D /* Lesson1View.swift in Sources */ = {isa = PBXBuildFile; fileRef = 5847543727A55ABD00BFEC0D /* Lesson1View.swift */; };
		5847543A27A55ABE00BFEC0D /* Assets.xcassets in Resources */ = {isa = PBXBuildFile; fileRef = 5847543927A55ABE00BFEC0D /* Assets.xcassets */; };
		5847543D27A55ABE00BFEC0D /* Preview Assets.xcassets in Resources */ = {isa = PBXBuildFile; fileRef = 5847543C27A55ABE00BFEC0D /* Preview Assets.xcassets */; };
		587516D627B81EB2007B32CE /* Lesson2View.swift in Sources */ = {isa = PBXBuildFile; fileRef = 587516D527B81EB2007B32CE /* Lesson2View.swift */; };
		587516D827B81EC0007B32CE /* Lesson3View.swift in Sources */ = {isa = PBXBuildFile; fileRef = 587516D727B81EC0007B32CE /* Lesson3View.swift */; };
		587516DC27B81EDF007B32CE /* Lesson5View.swift in Sources */ = {isa = PBXBuildFile; fileRef = 587516DB27B81EDF007B32CE /* Lesson5View.swift */; };
		587516DE27B81EE9007B32CE /* Lesson6View.swift in Sources */ = {isa = PBXBuildFile; fileRef = 587516DD27B81EE9007B32CE /* Lesson6View.swift */; };
		587516E027B81EF2007B32CE /* Lesson7View.swift in Sources */ = {isa = PBXBuildFile; fileRef = 587516DF27B81EF2007B32CE /* Lesson7View.swift */; };
		587516E227B81F0B007B32CE /* Lesson8View.swift in Sources */ = {isa = PBXBuildFile; fileRef = 587516E127B81F0B007B32CE /* Lesson8View.swift */; };
		58CFDDF627A5BD8A002BDED9 /* Notification.swift in Sources */ = {isa = PBXBuildFile; fileRef = 58CFDDF527A5BD8A002BDED9 /* Notification.swift */; };
/* End PBXBuildFile section */

/* Begin PBXFileReference section */
		581158AF27BCE1D3008A7C9A /* ApiService.swift */ = {isa = PBXFileReference; fileEncoding = 4; lastKnownFileType = sourcecode.swift; path = ApiService.swift; sourceTree = "<group>"; };
		581158B327BCE1E7008A7C9A /* NetworkError.swift */ = {isa = PBXFileReference; fileEncoding = 4; lastKnownFileType = sourcecode.swift; path = NetworkError.swift; sourceTree = "<group>"; };
		581158B627BCE1E8008A7C9A /* Method.swift */ = {isa = PBXFileReference; fileEncoding = 4; lastKnownFileType = sourcecode.swift; path = Method.swift; sourceTree = "<group>"; };
		581158BF27BCE3DA008A7C9A /* Planet.swift */ = {isa = PBXFileReference; fileEncoding = 4; lastKnownFileType = sourcecode.swift; path = Planet.swift; sourceTree = "<group>"; };
		581158C027BCE3DA008A7C9A /* Starship.swift */ = {isa = PBXFileReference; fileEncoding = 4; lastKnownFileType = sourcecode.swift; path = Starship.swift; sourceTree = "<group>"; };
		581158C127BCE3DA008A7C9A /* People.swift */ = {isa = PBXFileReference; fileEncoding = 4; lastKnownFileType = sourcecode.swift; path = People.swift; sourceTree = "<group>"; };
		581158C527BCE426008A7C9A /* Lesson4View.swift */ = {isa = PBXFileReference; fileEncoding = 4; lastKnownFileType = sourcecode.swift; path = Lesson4View.swift; sourceTree = "<group>"; };
		581158C827BD2F1C008A7C9A /* ViewModel.swift */ = {isa = PBXFileReference; lastKnownFileType = sourcecode.swift; path = ViewModel.swift; sourceTree = "<group>"; };
		5833CC8A27AAC31C00D57D1D /* TestSwiftUI.swift */ = {isa = PBXFileReference; lastKnownFileType = sourcecode.swift; path = TestSwiftUI.swift; sourceTree = "<group>"; };
		583CD48B27A55F7500719A72 /* CombineNavigationView.swift */ = {isa = PBXFileReference; lastKnownFileType = sourcecode.swift; path = CombineNavigationView.swift; sourceTree = "<group>"; };
		583CD48E27A5630B00719A72 /* String.swift */ = {isa = PBXFileReference; lastKnownFileType = sourcecode.swift; path = String.swift; sourceTree = "<group>"; };
		5847543227A55ABD00BFEC0D /* Combine-APP.app */ = {isa = PBXFileReference; explicitFileType = wrapper.application; includeInIndex = 0; path = "Combine-APP.app"; sourceTree = BUILT_PRODUCTS_DIR; };
		5847543527A55ABD00BFEC0D /* Combine_APPApp.swift */ = {isa = PBXFileReference; lastKnownFileType = sourcecode.swift; path = Combine_APPApp.swift; sourceTree = "<group>"; };
		5847543727A55ABD00BFEC0D /* Lesson1View.swift */ = {isa = PBXFileReference; lastKnownFileType = sourcecode.swift; path = Lesson1View.swift; sourceTree = "<group>"; };
		5847543927A55ABE00BFEC0D /* Assets.xcassets */ = {isa = PBXFileReference; lastKnownFileType = folder.assetcatalog; path = Assets.xcassets; sourceTree = "<group>"; };
		5847543C27A55ABE00BFEC0D /* Preview Assets.xcassets */ = {isa = PBXFileReference; lastKnownFileType = folder.assetcatalog; path = "Preview Assets.xcassets"; sourceTree = "<group>"; };
		587516D527B81EB2007B32CE /* Lesson2View.swift */ = {isa = PBXFileReference; lastKnownFileType = sourcecode.swift; path = Lesson2View.swift; sourceTree = "<group>"; };
		587516D727B81EC0007B32CE /* Lesson3View.swift */ = {isa = PBXFileReference; lastKnownFileType = sourcecode.swift; path = Lesson3View.swift; sourceTree = "<group>"; };
		587516DB27B81EDF007B32CE /* Lesson5View.swift */ = {isa = PBXFileReference; lastKnownFileType = sourcecode.swift; path = Lesson5View.swift; sourceTree = "<group>"; };
		587516DD27B81EE9007B32CE /* Lesson6View.swift */ = {isa = PBXFileReference; lastKnownFileType = sourcecode.swift; path = Lesson6View.swift; sourceTree = "<group>"; };
		587516DF27B81EF2007B32CE /* Lesson7View.swift */ = {isa = PBXFileReference; lastKnownFileType = sourcecode.swift; path = Lesson7View.swift; sourceTree = "<group>"; };
		587516E127B81F0B007B32CE /* Lesson8View.swift */ = {isa = PBXFileReference; lastKnownFileType = sourcecode.swift; path = Lesson8View.swift; sourceTree = "<group>"; };
		58CFDDF527A5BD8A002BDED9 /* Notification.swift */ = {isa = PBXFileReference; lastKnownFileType = sourcecode.swift; path = Notification.swift; sourceTree = "<group>"; };
/* End PBXFileReference section */

/* Begin PBXFrameworksBuildPhase section */
		5847542F27A55ABD00BFEC0D /* Frameworks */ = {
			isa = PBXFrameworksBuildPhase;
			buildActionMask = 2147483647;
			files = (
			);
			runOnlyForDeploymentPostprocessing = 0;
		};
/* End PBXFrameworksBuildPhase section */

/* Begin PBXGroup section */
		581158AE27BCE19C008A7C9A /* Networking */ = {
			isa = PBXGroup;
			children = (
				581158AF27BCE1D3008A7C9A /* ApiService.swift */,
				581158B627BCE1E8008A7C9A /* Method.swift */,
				581158B327BCE1E7008A7C9A /* NetworkError.swift */,
			);
			path = Networking;
			sourceTree = "<group>";
		};
		581158BD27BCE2E7008A7C9A /* Entity */ = {
			isa = PBXGroup;
			children = (
				581158C127BCE3DA008A7C9A /* People.swift */,
				581158BF27BCE3DA008A7C9A /* Planet.swift */,
				581158C027BCE3DA008A7C9A /* Starship.swift */,
			);
			path = Entity;
			sourceTree = "<group>";
		};
		581158BE27BCE35D008A7C9A /* Core */ = {
			isa = PBXGroup;
			children = (
				581158C727BD2EF1008A7C9A /* ViewModel */,
				581158BD27BCE2E7008A7C9A /* Entity */,
				581158AE27BCE19C008A7C9A /* Networking */,
			);
			path = Core;
			sourceTree = "<group>";
		};
		581158C727BD2EF1008A7C9A /* ViewModel */ = {
			isa = PBXGroup;
			children = (
				581158C827BD2F1C008A7C9A /* ViewModel.swift */,
			);
			path = ViewModel;
			sourceTree = "<group>";
		};
		583CD48D27A562FC00719A72 /* Extensions */ = {
			isa = PBXGroup;
			children = (
				583CD48E27A5630B00719A72 /* String.swift */,
				58CFDDF527A5BD8A002BDED9 /* Notification.swift */,
			);
			path = Extensions;
			sourceTree = "<group>";
		};
		5847542927A55ABD00BFEC0D = {
			isa = PBXGroup;
			children = (
				5847543427A55ABD00BFEC0D /* Combine-APP */,
				5847543327A55ABD00BFEC0D /* Products */,
			);
			sourceTree = "<group>";
		};
		5847543327A55ABD00BFEC0D /* Products */ = {
			isa = PBXGroup;
			children = (
				5847543227A55ABD00BFEC0D /* Combine-APP.app */,
			);
			name = Products;
			sourceTree = "<group>";
		};
		5847543427A55ABD00BFEC0D /* Combine-APP */ = {
			isa = PBXGroup;
			children = (
				5847543527A55ABD00BFEC0D /* Combine_APPApp.swift */,
				583CD48B27A55F7500719A72 /* CombineNavigationView.swift */,
				587516D327B81DCF007B32CE /* Lessons */,
				5847543927A55ABE00BFEC0D /* Assets.xcassets */,
				581158BE27BCE35D008A7C9A /* Core */,
				587516D427B81E7E007B32CE /* Test */,
				583CD48D27A562FC00719A72 /* Extensions */,
				5847543B27A55ABE00BFEC0D /* Preview Content */,
			);
			path = "Combine-APP";
			sourceTree = "<group>";
		};
		5847543B27A55ABE00BFEC0D /* Preview Content */ = {
			isa = PBXGroup;
			children = (
				5847543C27A55ABE00BFEC0D /* Preview Assets.xcassets */,
			);
			path = "Preview Content";
			sourceTree = "<group>";
		};
		587516D327B81DCF007B32CE /* Lessons */ = {
			isa = PBXGroup;
			children = (
				5847543727A55ABD00BFEC0D /* Lesson1View.swift */,
				587516D527B81EB2007B32CE /* Lesson2View.swift */,
				587516D727B81EC0007B32CE /* Lesson3View.swift */,
				581158C527BCE426008A7C9A /* Lesson4View.swift */,
				587516DB27B81EDF007B32CE /* Lesson5View.swift */,
				587516DD27B81EE9007B32CE /* Lesson6View.swift */,
				587516DF27B81EF2007B32CE /* Lesson7View.swift */,
				587516E127B81F0B007B32CE /* Lesson8View.swift */,
			);
			path = Lessons;
			sourceTree = "<group>";
		};
		587516D427B81E7E007B32CE /* Test */ = {
			isa = PBXGroup;
			children = (
				5833CC8A27AAC31C00D57D1D /* TestSwiftUI.swift */,
			);
			path = Test;
			sourceTree = "<group>";
		};
/* End PBXGroup section */

/* Begin PBXNativeTarget section */
		5847543127A55ABD00BFEC0D /* Combine-APP */ = {
			isa = PBXNativeTarget;
			buildConfigurationList = 5847544027A55ABE00BFEC0D /* Build configuration list for PBXNativeTarget "Combine-APP" */;
			buildPhases = (
				5847542E27A55ABD00BFEC0D /* Sources */,
				5847542F27A55ABD00BFEC0D /* Frameworks */,
				5847543027A55ABD00BFEC0D /* Resources */,
			);
			buildRules = (
			);
			dependencies = (
			);
			name = "Combine-APP";
			productName = "Combine-APP";
			productReference = 5847543227A55ABD00BFEC0D /* Combine-APP.app */;
			productType = "com.apple.product-type.application";
		};
/* End PBXNativeTarget section */

/* Begin PBXProject section */
		5847542A27A55ABD00BFEC0D /* Project object */ = {
			isa = PBXProject;
			attributes = {
				BuildIndependentTargetsInParallel = 1;
				LastSwiftUpdateCheck = 1320;
				LastUpgradeCheck = 1320;
				TargetAttributes = {
					5847543127A55ABD00BFEC0D = {
						CreatedOnToolsVersion = 13.2.1;
					};
				};
			};
			buildConfigurationList = 5847542D27A55ABD00BFEC0D /* Build configuration list for PBXProject "Combine-APP" */;
			compatibilityVersion = "Xcode 13.0";
			developmentRegion = en;
			hasScannedForEncodings = 0;
			knownRegions = (
				en,
				Base,
			);
			mainGroup = 5847542927A55ABD00BFEC0D;
			productRefGroup = 5847543327A55ABD00BFEC0D /* Products */;
			projectDirPath = "";
			projectRoot = "";
			targets = (
				5847543127A55ABD00BFEC0D /* Combine-APP */,
			);
		};
/* End PBXProject section */

/* Begin PBXResourcesBuildPhase section */
		5847543027A55ABD00BFEC0D /* Resources */ = {
			isa = PBXResourcesBuildPhase;
			buildActionMask = 2147483647;
			files = (
				5847543D27A55ABE00BFEC0D /* Preview Assets.xcassets in Resources */,
				5847543A27A55ABE00BFEC0D /* Assets.xcassets in Resources */,
			);
			runOnlyForDeploymentPostprocessing = 0;
		};
/* End PBXResourcesBuildPhase section */

/* Begin PBXSourcesBuildPhase section */
		5847542E27A55ABD00BFEC0D /* Sources */ = {
			isa = PBXSourcesBuildPhase;
			buildActionMask = 2147483647;
			files = (
				581158BC27BCE1E8008A7C9A /* Method.swift in Sources */,
				581158B927BCE1E8008A7C9A /* NetworkError.swift in Sources */,
				587516E027B81EF2007B32CE /* Lesson7View.swift in Sources */,
				5847543827A55ABD00BFEC0D /* Lesson1View.swift in Sources */,
				581158C427BCE3DA008A7C9A /* People.swift in Sources */,
				587516DE27B81EE9007B32CE /* Lesson6View.swift in Sources */,
				587516D827B81EC0007B32CE /* Lesson3View.swift in Sources */,
				583CD48C27A55F7500719A72 /* CombineNavigationView.swift in Sources */,
				58CFDDF627A5BD8A002BDED9 /* Notification.swift in Sources */,
				583CD48F27A5630B00719A72 /* String.swift in Sources */,
				581158C927BD2F1C008A7C9A /* ViewModel.swift in Sources */,
				581158C327BCE3DA008A7C9A /* Starship.swift in Sources */,
				581158C227BCE3DA008A7C9A /* Planet.swift in Sources */,
				587516DC27B81EDF007B32CE /* Lesson5View.swift in Sources */,
				587516D627B81EB2007B32CE /* Lesson2View.swift in Sources */,
				5833CC8B27AAC31C00D57D1D /* TestSwiftUI.swift in Sources */,
				581158B027BCE1D3008A7C9A /* ApiService.swift in Sources */,
				587516E227B81F0B007B32CE /* Lesson8View.swift in Sources */,
				5847543627A55ABD00BFEC0D /* Combine_APPApp.swift in Sources */,
				581158C627BCE426008A7C9A /* Lesson4View.swift in Sources */,
			);
			runOnlyForDeploymentPostprocessing = 0;
		};
/* End PBXSourcesBuildPhase section */

/* Begin XCBuildConfiguration section */
		5847543E27A55ABE00BFEC0D /* Debug */ = {
			isa = XCBuildConfiguration;
			buildSettings = {
				ALWAYS_SEARCH_USER_PATHS = NO;
				CLANG_ANALYZER_NONNULL = YES;
				CLANG_ANALYZER_NUMBER_OBJECT_CONVERSION = YES_AGGRESSIVE;
				CLANG_CXX_LANGUAGE_STANDARD = "gnu++17";
				CLANG_CXX_LIBRARY = "libc++";
				CLANG_ENABLE_MODULES = YES;
				CLANG_ENABLE_OBJC_ARC = YES;
				CLANG_ENABLE_OBJC_WEAK = YES;
				CLANG_WARN_BLOCK_CAPTURE_AUTORELEASING = YES;
				CLANG_WARN_BOOL_CONVERSION = YES;
				CLANG_WARN_COMMA = YES;
				CLANG_WARN_CONSTANT_CONVERSION = YES;
				CLANG_WARN_DEPRECATED_OBJC_IMPLEMENTATIONS = YES;
				CLANG_WARN_DIRECT_OBJC_ISA_USAGE = YES_ERROR;
				CLANG_WARN_DOCUMENTATION_COMMENTS = YES;
				CLANG_WARN_EMPTY_BODY = YES;
				CLANG_WARN_ENUM_CONVERSION = YES;
				CLANG_WARN_INFINITE_RECURSION = YES;
				CLANG_WARN_INT_CONVERSION = YES;
				CLANG_WARN_NON_LITERAL_NULL_CONVERSION = YES;
				CLANG_WARN_OBJC_IMPLICIT_RETAIN_SELF = YES;
				CLANG_WARN_OBJC_LITERAL_CONVERSION = YES;
				CLANG_WARN_OBJC_ROOT_CLASS = YES_ERROR;
				CLANG_WARN_QUOTED_INCLUDE_IN_FRAMEWORK_HEADER = YES;
				CLANG_WARN_RANGE_LOOP_ANALYSIS = YES;
				CLANG_WARN_STRICT_PROTOTYPES = YES;
				CLANG_WARN_SUSPICIOUS_MOVE = YES;
				CLANG_WARN_UNGUARDED_AVAILABILITY = YES_AGGRESSIVE;
				CLANG_WARN_UNREACHABLE_CODE = YES;
				CLANG_WARN__DUPLICATE_METHOD_MATCH = YES;
				COPY_PHASE_STRIP = NO;
				DEBUG_INFORMATION_FORMAT = dwarf;
				ENABLE_STRICT_OBJC_MSGSEND = YES;
				ENABLE_TESTABILITY = YES;
				GCC_C_LANGUAGE_STANDARD = gnu11;
				GCC_DYNAMIC_NO_PIC = NO;
				GCC_NO_COMMON_BLOCKS = YES;
				GCC_OPTIMIZATION_LEVEL = 0;
				GCC_PREPROCESSOR_DEFINITIONS = (
					"DEBUG=1",
					"$(inherited)",
				);
				GCC_WARN_64_TO_32_BIT_CONVERSION = YES;
				GCC_WARN_ABOUT_RETURN_TYPE = YES_ERROR;
				GCC_WARN_UNDECLARED_SELECTOR = YES;
				GCC_WARN_UNINITIALIZED_AUTOS = YES_AGGRESSIVE;
				GCC_WARN_UNUSED_FUNCTION = YES;
				GCC_WARN_UNUSED_VARIABLE = YES;
				IPHONEOS_DEPLOYMENT_TARGET = 14.0;
				MTL_ENABLE_DEBUG_INFO = INCLUDE_SOURCE;
				MTL_FAST_MATH = YES;
				ONLY_ACTIVE_ARCH = YES;
				SDKROOT = iphoneos;
				SWIFT_ACTIVE_COMPILATION_CONDITIONS = DEBUG;
				SWIFT_OPTIMIZATION_LEVEL = "-Onone";
			};
			name = Debug;
		};
		5847543F27A55ABE00BFEC0D /* Release */ = {
			isa = XCBuildConfiguration;
			buildSettings = {
				ALWAYS_SEARCH_USER_PATHS = NO;
				CLANG_ANALYZER_NONNULL = YES;
				CLANG_ANALYZER_NUMBER_OBJECT_CONVERSION = YES_AGGRESSIVE;
				CLANG_CXX_LANGUAGE_STANDARD = "gnu++17";
				CLANG_CXX_LIBRARY = "libc++";
				CLANG_ENABLE_MODULES = YES;
				CLANG_ENABLE_OBJC_ARC = YES;
				CLANG_ENABLE_OBJC_WEAK = YES;
				CLANG_WARN_BLOCK_CAPTURE_AUTORELEASING = YES;
				CLANG_WARN_BOOL_CONVERSION = YES;
				CLANG_WARN_COMMA = YES;
				CLANG_WARN_CONSTANT_CONVERSION = YES;
				CLANG_WARN_DEPRECATED_OBJC_IMPLEMENTATIONS = YES;
				CLANG_WARN_DIRECT_OBJC_ISA_USAGE = YES_ERROR;
				CLANG_WARN_DOCUMENTATION_COMMENTS = YES;
				CLANG_WARN_EMPTY_BODY = YES;
				CLANG_WARN_ENUM_CONVERSION = YES;
				CLANG_WARN_INFINITE_RECURSION = YES;
				CLANG_WARN_INT_CONVERSION = YES;
				CLANG_WARN_NON_LITERAL_NULL_CONVERSION = YES;
				CLANG_WARN_OBJC_IMPLICIT_RETAIN_SELF = YES;
				CLANG_WARN_OBJC_LITERAL_CONVERSION = YES;
				CLANG_WARN_OBJC_ROOT_CLASS = YES_ERROR;
				CLANG_WARN_QUOTED_INCLUDE_IN_FRAMEWORK_HEADER = YES;
				CLANG_WARN_RANGE_LOOP_ANALYSIS = YES;
				CLANG_WARN_STRICT_PROTOTYPES = YES;
				CLANG_WARN_SUSPICIOUS_MOVE = YES;
				CLANG_WARN_UNGUARDED_AVAILABILITY = YES_AGGRESSIVE;
				CLANG_WARN_UNREACHABLE_CODE = YES;
				CLANG_WARN__DUPLICATE_METHOD_MATCH = YES;
				COPY_PHASE_STRIP = NO;
				DEBUG_INFORMATION_FORMAT = "dwarf-with-dsym";
				ENABLE_NS_ASSERTIONS = NO;
				ENABLE_STRICT_OBJC_MSGSEND = YES;
				GCC_C_LANGUAGE_STANDARD = gnu11;
				GCC_NO_COMMON_BLOCKS = YES;
				GCC_WARN_64_TO_32_BIT_CONVERSION = YES;
				GCC_WARN_ABOUT_RETURN_TYPE = YES_ERROR;
				GCC_WARN_UNDECLARED_SELECTOR = YES;
				GCC_WARN_UNINITIALIZED_AUTOS = YES_AGGRESSIVE;
				GCC_WARN_UNUSED_FUNCTION = YES;
				GCC_WARN_UNUSED_VARIABLE = YES;
				IPHONEOS_DEPLOYMENT_TARGET = 14.0;
				MTL_ENABLE_DEBUG_INFO = NO;
				MTL_FAST_MATH = YES;
				SDKROOT = iphoneos;
				SWIFT_COMPILATION_MODE = wholemodule;
				SWIFT_OPTIMIZATION_LEVEL = "-O";
				VALIDATE_PRODUCT = YES;
			};
			name = Release;
		};
		5847544127A55ABE00BFEC0D /* Debug */ = {
			isa = XCBuildConfiguration;
			buildSettings = {
				ASSETCATALOG_COMPILER_APPICON_NAME = AppIcon;
				ASSETCATALOG_COMPILER_GLOBAL_ACCENT_COLOR_NAME = AccentColor;
				CODE_SIGN_STYLE = Automatic;
				CURRENT_PROJECT_VERSION = 1;
				DEVELOPMENT_ASSET_PATHS = "\"Combine-APP/Preview Content\"";
				DEVELOPMENT_TEAM = "";
				ENABLE_PREVIEWS = YES;
				GENERATE_INFOPLIST_FILE = YES;
				INFOPLIST_KEY_UIApplicationSceneManifest_Generation = YES;
				INFOPLIST_KEY_UIApplicationSupportsIndirectInputEvents = YES;
				INFOPLIST_KEY_UILaunchScreen_Generation = YES;
				INFOPLIST_KEY_UISupportedInterfaceOrientations_iPad = "UIInterfaceOrientationPortrait UIInterfaceOrientationPortraitUpsideDown UIInterfaceOrientationLandscapeLeft UIInterfaceOrientationLandscapeRight";
				INFOPLIST_KEY_UISupportedInterfaceOrientations_iPhone = "UIInterfaceOrientationPortrait UIInterfaceOrientationLandscapeLeft UIInterfaceOrientationLandscapeRight";
				LD_RUNPATH_SEARCH_PATHS = (
					"$(inherited)",
					"@executable_path/Frameworks",
				);
				MARKETING_VERSION = 1.1;
				PRODUCT_BUNDLE_IDENTIFIER = "com.igorlab.Combine-APP";
				PRODUCT_NAME = "$(TARGET_NAME)";
				SWIFT_EMIT_LOC_STRINGS = YES;
				SWIFT_VERSION = 5.0;
				TARGETED_DEVICE_FAMILY = "1,2";
			};
			name = Debug;
		};
		5847544227A55ABE00BFEC0D /* Release */ = {
			isa = XCBuildConfiguration;
			buildSettings = {
				ASSETCATALOG_COMPILER_APPICON_NAME = AppIcon;
				ASSETCATALOG_COMPILER_GLOBAL_ACCENT_COLOR_NAME = AccentColor;
				CODE_SIGN_STYLE = Automatic;
				CURRENT_PROJECT_VERSION = 1;
				DEVELOPMENT_ASSET_PATHS = "\"Combine-APP/Preview Content\"";
				DEVELOPMENT_TEAM = "";
				ENABLE_PREVIEWS = YES;
				GENERATE_INFOPLIST_FILE = YES;
				INFOPLIST_KEY_UIApplicationSceneManifest_Generation = YES;
				INFOPLIST_KEY_UIApplicationSupportsIndirectInputEvents = YES;
				INFOPLIST_KEY_UILaunchScreen_Generation = YES;
				INFOPLIST_KEY_UISupportedInterfaceOrientations_iPad = "UIInterfaceOrientationPortrait UIInterfaceOrientationPortraitUpsideDown UIInterfaceOrientationLandscapeLeft UIInterfaceOrientationLandscapeRight";
				INFOPLIST_KEY_UISupportedInterfaceOrientations_iPhone = "UIInterfaceOrientationPortrait UIInterfaceOrientationLandscapeLeft UIInterfaceOrientationLandscapeRight";
				LD_RUNPATH_SEARCH_PATHS = (
					"$(inherited)",
					"@executable_path/Frameworks",
				);
				MARKETING_VERSION = 1.1;
				PRODUCT_BUNDLE_IDENTIFIER = "com.igorlab.Combine-APP";
				PRODUCT_NAME = "$(TARGET_NAME)";
				SWIFT_EMIT_LOC_STRINGS = YES;
				SWIFT_VERSION = 5.0;
				TARGETED_DEVICE_FAMILY = "1,2";
			};
			name = Release;
		};
/* End XCBuildConfiguration section */

/* Begin XCConfigurationList section */
		5847542D27A55ABD00BFEC0D /* Build configuration list for PBXProject "Combine-APP" */ = {
			isa = XCConfigurationList;
			buildConfigurations = (
				5847543E27A55ABE00BFEC0D /* Debug */,
				5847543F27A55ABE00BFEC0D /* Release */,
			);
			defaultConfigurationIsVisible = 0;
			defaultConfigurationName = Release;
		};
		5847544027A55ABE00BFEC0D /* Build configuration list for PBXNativeTarget "Combine-APP" */ = {
			isa = XCConfigurationList;
			buildConfigurations = (
				5847544127A55ABE00BFEC0D /* Debug */,
				5847544227A55ABE00BFEC0D /* Release */,
			);
			defaultConfigurationIsVisible = 0;
			defaultConfigurationName = Release;
		};
/* End XCConfigurationList section */
	};
	rootObject = 5847542A27A55ABD00BFEC0D /* Project object */;
}
